{
  "requires": true,
  "lockfileVersion": 1,
  "dependencies": {
    "tooltipster": {
      "version": "4.2.8",
      "resolved": "https://registry.npmjs.org/tooltipster/-/tooltipster-4.2.8.tgz",
      "integrity": "sha512-Znmbt5UMzaiFCRlVaRtfRZYQqxrmNlj1+3xX/aT0OiA3xkQZhXYGbLJmZPigx0YiReYZpO7Lm2XKbUxXsiU/pg=="
    },
    "tooltipster-follower": {
      "version": "0.1.5",
      "resolved": "https://registry.npmjs.org/tooltipster-follower/-/tooltipster-follower-0.1.5.tgz",
      "integrity": "sha1-RaiPhQldHqafKXRMPG18vTRY0fs=",
      "requires": {
        "tooltipster": ">=4.0.0"
      }
    }
  }
}
